
Microsoft Visual Studio Solution File, Format Version 12.00
# Visual Studio Version 16
VisualStudioVersion = 16.0.32413.511
MinimumVisualStudioVersion = 10.0.40219.1
Project("{FAE04EC0-301F-11D3-BF4B-00C04F79EFBC}") = "ClientApp", "ClientApp.csproj", "{77962171-F317-4063-82C3-403095B744A3}"
EndProject
Global
	GlobalSection(SolutionConfigurationPlatforms) = preSolution
		Debug|Any CPU = Debug|Any CPU
		Release|Any CPU = Release|Any CPU
	EndGlobalSection
	GlobalSection(ProjectConfigurationPlatforms) = postSolution
		{77962171-F317-4063-82C3-403095B744A3}.Debug|Any CPU.ActiveCfg = Debug|Any CPU
		{77962171-F317-4063-82C3-403095B744A3}.Debug|Any CPU.Build.0 = Debug|Any CPU
		{77962171-F317-4063-82C3-403095B744A3}.Release|Any CPU.ActiveCfg = Release|Any CPU
		{77962171-F317-4063-82C3-403095B744A3}.Release|Any CPU.Build.0 = Release|Any CPU
	EndGlobalSection
	GlobalSection(SolutionProperties) = preSolution
		HideSolutionNode = FALSE
	EndGlobalSection
	GlobalSection(ExtensibilityGlobals) = postSolution
		SolutionGuid = {3CE6B65F-79D2-45E5-ACB0-F5BD3D1F2BCC}
	EndGlobalSection
EndGlobal
